
Microsoft Visual Studio Solution File, Format Version 12.00
# Visual Studio 15
VisualStudioVersion = 15.0.28010.2016
MinimumVisualStudioVersion = 10.0.40219.1
Project("{FAE04EC0-301F-11D3-BF4B-00C04F79EFBC}") = "DownloaderURL", "DownloaderURL\DownloaderURL.csproj", "{0475D010-F1E0-4B85-9707-886510D17FA2}"
EndProject
Global
	GlobalSection(SolutionConfigurationPlatforms) = preSolution
		Debug|Any CPU = Debug|Any CPU
		Release|Any CPU = Release|Any CPU
	EndGlobalSection
	GlobalSection(ProjectConfigurationPlatforms) = postSolution
		{0475D010-F1E0-4B85-9707-886510D17FA2}.Debug|Any CPU.ActiveCfg = Debug|Any CPU
		{0475D010-F1E0-4B85-9707-886510D17FA2}.Debug|Any CPU.Build.0 = Debug|Any CPU
		{0475D010-F1E0-4B85-9707-886510D17FA2}.Release|Any CPU.ActiveCfg = Release|Any CPU
		{0475D010-F1E0-4B85-9707-886510D17FA2}.Release|Any CPU.Build.0 = Release|Any CPU
	EndGlobalSection
	GlobalSection(SolutionProperties) = preSolution
		HideSolutionNode = FALSE
	EndGlobalSection
	GlobalSection(ExtensibilityGlobals) = postSolution
		SolutionGuid = {0ED5AC65-C50F-416E-B6C6-4C4A48890088}
	EndGlobalSection
EndGlobal
